
Microsoft Visual Studio Solution File, Format Version 12.00
# Visual Studio 15
VisualStudioVersion = 15.0.26124.0
MinimumVisualStudioVersion = 15.0.26124.0
Project("{FAE04EC0-301F-11D3-BF4B-00C04F79EFBC}") = "adminLTE", "adminLTE\adminLTE.csproj", "{23B7D3BC-B04D-4730-9573-ED82542855C4}"
EndProject
Project("{FAE04EC0-301F-11D3-BF4B-00C04F79EFBC}") = "adminLTE.ViewModels", "adminLTE.ViewModels\adminLTE.ViewModels.csproj", "{74ECFEDF-7AA2-41C6-9FCD-701CAC2F50B8}"
EndProject
Project("{FAE04EC0-301F-11D3-BF4B-00C04F79EFBC}") = "IMAGO.Controls", "IMAGO.Controls\IMAGO.Controls.csproj", "{04FCCD4B-77CC-45E5-9195-85B7014287A1}"
EndProject
Project("{FAE04EC0-301F-11D3-BF4B-00C04F79EFBC}") = "IMAGO.Shell", "IMAGO.Shell\IMAGO.Shell.csproj", "{7F17751D-044C-416C-BEE1-C8473BDC3FD7}"
EndProject
Global
	GlobalSection(SolutionConfigurationPlatforms) = preSolution
		Debug|Any CPU = Debug|Any CPU
		Debug|x64 = Debug|x64
		Debug|x86 = Debug|x86
		Release|Any CPU = Release|Any CPU
		Release|x64 = Release|x64
		Release|x86 = Release|x86
	EndGlobalSection
	GlobalSection(SolutionProperties) = preSolution
		HideSolutionNode = FALSE
	EndGlobalSection
	GlobalSection(ProjectConfigurationPlatforms) = postSolution
		{23B7D3BC-B04D-4730-9573-ED82542855C4}.Debug|Any CPU.ActiveCfg = Debug|Any CPU
		{23B7D3BC-B04D-4730-9573-ED82542855C4}.Debug|Any CPU.Build.0 = Debug|Any CPU
		{23B7D3BC-B04D-4730-9573-ED82542855C4}.Debug|x64.ActiveCfg = Debug|Any CPU
		{23B7D3BC-B04D-4730-9573-ED82542855C4}.Debug|x64.Build.0 = Debug|Any CPU
		{23B7D3BC-B04D-4730-9573-ED82542855C4}.Debug|x86.ActiveCfg = Debug|Any CPU
		{23B7D3BC-B04D-4730-9573-ED82542855C4}.Debug|x86.Build.0 = Debug|Any CPU
		{23B7D3BC-B04D-4730-9573-ED82542855C4}.Release|Any CPU.ActiveCfg = Release|Any CPU
		{23B7D3BC-B04D-4730-9573-ED82542855C4}.Release|Any CPU.Build.0 = Release|Any CPU
		{23B7D3BC-B04D-4730-9573-ED82542855C4}.Release|x64.ActiveCfg = Release|Any CPU
		{23B7D3BC-B04D-4730-9573-ED82542855C4}.Release|x64.Build.0 = Release|Any CPU
		{23B7D3BC-B04D-4730-9573-ED82542855C4}.Release|x86.ActiveCfg = Release|Any CPU
		{23B7D3BC-B04D-4730-9573-ED82542855C4}.Release|x86.Build.0 = Release|Any CPU
		{7F54F10E-5F22-484F-A909-406ACCFA47D3}.Debug|Any CPU.ActiveCfg = Debug|Any CPU
		{7F54F10E-5F22-484F-A909-406ACCFA47D3}.Debug|Any CPU.Build.0 = Debug|Any CPU
		{7F54F10E-5F22-484F-A909-406ACCFA47D3}.Debug|x64.ActiveCfg = Debug|Any CPU
		{7F54F10E-5F22-484F-A909-406ACCFA47D3}.Debug|x64.Build.0 = Debug|Any CPU
		{7F54F10E-5F22-484F-A909-406ACCFA47D3}.Debug|x86.ActiveCfg = Debug|Any CPU
		{7F54F10E-5F22-484F-A909-406ACCFA47D3}.Debug|x86.Build.0 = Debug|Any CPU
		{7F54F10E-5F22-484F-A909-406ACCFA47D3}.Release|Any CPU.ActiveCfg = Release|Any CPU
		{7F54F10E-5F22-484F-A909-406ACCFA47D3}.Release|Any CPU.Build.0 = Release|Any CPU
		{7F54F10E-5F22-484F-A909-406ACCFA47D3}.Release|x64.ActiveCfg = Release|Any CPU
		{7F54F10E-5F22-484F-A909-406ACCFA47D3}.Release|x64.Build.0 = Release|Any CPU
		{7F54F10E-5F22-484F-A909-406ACCFA47D3}.Release|x86.ActiveCfg = Release|Any CPU
		{7F54F10E-5F22-484F-A909-406ACCFA47D3}.Release|x86.Build.0 = Release|Any CPU
		{62EC30EF-5279-4956-847C-B94B26E5D685}.Debug|Any CPU.ActiveCfg = Debug|Any CPU
		{62EC30EF-5279-4956-847C-B94B26E5D685}.Debug|Any CPU.Build.0 = Debug|Any CPU
		{62EC30EF-5279-4956-847C-B94B26E5D685}.Debug|x64.ActiveCfg = Debug|Any CPU
		{62EC30EF-5279-4956-847C-B94B26E5D685}.Debug|x64.Build.0 = Debug|Any CPU
		{62EC30EF-5279-4956-847C-B94B26E5D685}.Debug|x86.ActiveCfg = Debug|Any CPU
		{62EC30EF-5279-4956-847C-B94B26E5D685}.Debug|x86.Build.0 = Debug|Any CPU
		{62EC30EF-5279-4956-847C-B94B26E5D685}.Release|Any CPU.ActiveCfg = Release|Any CPU
		{62EC30EF-5279-4956-847C-B94B26E5D685}.Release|Any CPU.Build.0 = Release|Any CPU
		{62EC30EF-5279-4956-847C-B94B26E5D685}.Release|x64.ActiveCfg = Release|Any CPU
		{62EC30EF-5279-4956-847C-B94B26E5D685}.Release|x64.Build.0 = Release|Any CPU
		{62EC30EF-5279-4956-847C-B94B26E5D685}.Release|x86.ActiveCfg = Release|Any CPU
		{62EC30EF-5279-4956-847C-B94B26E5D685}.Release|x86.Build.0 = Release|Any CPU
		{73616F7C-FA4D-4404-9E8A-679401EAD0C9}.Debug|Any CPU.ActiveCfg = Debug|Any CPU
		{73616F7C-FA4D-4404-9E8A-679401EAD0C9}.Debug|Any CPU.Build.0 = Debug|Any CPU
		{73616F7C-FA4D-4404-9E8A-679401EAD0C9}.Debug|x64.ActiveCfg = Debug|Any CPU
		{73616F7C-FA4D-4404-9E8A-679401EAD0C9}.Debug|x64.Build.0 = Debug|Any CPU
		{73616F7C-FA4D-4404-9E8A-679401EAD0C9}.Debug|x86.ActiveCfg = Debug|Any CPU
		{73616F7C-FA4D-4404-9E8A-679401EAD0C9}.Debug|x86.Build.0 = Debug|Any CPU
		{73616F7C-FA4D-4404-9E8A-679401EAD0C9}.Release|Any CPU.ActiveCfg = Release|Any CPU
		{73616F7C-FA4D-4404-9E8A-679401EAD0C9}.Release|Any CPU.Build.0 = Release|Any CPU
		{73616F7C-FA4D-4404-9E8A-679401EAD0C9}.Release|x64.ActiveCfg = Release|Any CPU
		{73616F7C-FA4D-4404-9E8A-679401EAD0C9}.Release|x64.Build.0 = Release|Any CPU
		{73616F7C-FA4D-4404-9E8A-679401EAD0C9}.Release|x86.ActiveCfg = Release|Any CPU
		{73616F7C-FA4D-4404-9E8A-679401EAD0C9}.Release|x86.Build.0 = Release|Any CPU
		{74ECFEDF-7AA2-41C6-9FCD-701CAC2F50B8}.Debug|Any CPU.ActiveCfg = Debug|Any CPU
		{74ECFEDF-7AA2-41C6-9FCD-701CAC2F50B8}.Debug|Any CPU.Build.0 = Debug|Any CPU
		{74ECFEDF-7AA2-41C6-9FCD-701CAC2F50B8}.Debug|x64.ActiveCfg = Debug|Any CPU
		{74ECFEDF-7AA2-41C6-9FCD-701CAC2F50B8}.Debug|x64.Build.0 = Debug|Any CPU
		{74ECFEDF-7AA2-41C6-9FCD-701CAC2F50B8}.Debug|x86.ActiveCfg = Debug|Any CPU
		{74ECFEDF-7AA2-41C6-9FCD-701CAC2F50B8}.Debug|x86.Build.0 = Debug|Any CPU
		{74ECFEDF-7AA2-41C6-9FCD-701CAC2F50B8}.Release|Any CPU.ActiveCfg = Release|Any CPU
		{74ECFEDF-7AA2-41C6-9FCD-701CAC2F50B8}.Release|Any CPU.Build.0 = Release|Any CPU
		{74ECFEDF-7AA2-41C6-9FCD-701CAC2F50B8}.Release|x64.ActiveCfg = Release|Any CPU
		{74ECFEDF-7AA2-41C6-9FCD-701CAC2F50B8}.Release|x64.Build.0 = Release|Any CPU
		{74ECFEDF-7AA2-41C6-9FCD-701CAC2F50B8}.Release|x86.ActiveCfg = Release|Any CPU
		{74ECFEDF-7AA2-41C6-9FCD-701CAC2F50B8}.Release|x86.Build.0 = Release|Any CPU
		{04FCCD4B-77CC-45E5-9195-85B7014287A1}.Debug|Any CPU.ActiveCfg = Debug|Any CPU
		{04FCCD4B-77CC-45E5-9195-85B7014287A1}.Debug|Any CPU.Build.0 = Debug|Any CPU
		{04FCCD4B-77CC-45E5-9195-85B7014287A1}.Debug|x64.ActiveCfg = Debug|Any CPU
		{04FCCD4B-77CC-45E5-9195-85B7014287A1}.Debug|x64.Build.0 = Debug|Any CPU
		{04FCCD4B-77CC-45E5-9195-85B7014287A1}.Debug|x86.ActiveCfg = Debug|Any CPU
		{04FCCD4B-77CC-45E5-9195-85B7014287A1}.Debug|x86.Build.0 = Debug|Any CPU
		{04FCCD4B-77CC-45E5-9195-85B7014287A1}.Release|Any CPU.ActiveCfg = Release|Any CPU
		{04FCCD4B-77CC-45E5-9195-85B7014287A1}.Release|Any CPU.Build.0 = Release|Any CPU
		{04FCCD4B-77CC-45E5-9195-85B7014287A1}.Release|x64.ActiveCfg = Release|Any CPU
		{04FCCD4B-77CC-45E5-9195-85B7014287A1}.Release|x64.Build.0 = Release|Any CPU
		{04FCCD4B-77CC-45E5-9195-85B7014287A1}.Release|x86.ActiveCfg = Release|Any CPU
		{04FCCD4B-77CC-45E5-9195-85B7014287A1}.Release|x86.Build.0 = Release|Any CPU
		{7F17751D-044C-416C-BEE1-C8473BDC3FD7}.Debug|Any CPU.ActiveCfg = Debug|Any CPU
		{7F17751D-044C-416C-BEE1-C8473BDC3FD7}.Debug|Any CPU.Build.0 = Debug|Any CPU
		{7F17751D-044C-416C-BEE1-C8473BDC3FD7}.Debug|x64.ActiveCfg = Debug|Any CPU
		{7F17751D-044C-416C-BEE1-C8473BDC3FD7}.Debug|x64.Build.0 = Debug|Any CPU
		{7F17751D-044C-416C-BEE1-C8473BDC3FD7}.Debug|x86.ActiveCfg = Debug|Any CPU
		{7F17751D-044C-416C-BEE1-C8473BDC3FD7}.Debug|x86.Build.0 = Debug|Any CPU
		{7F17751D-044C-416C-BEE1-C8473BDC3FD7}.Release|Any CPU.ActiveCfg = Release|Any CPU
		{7F17751D-044C-416C-BEE1-C8473BDC3FD7}.Release|Any CPU.Build.0 = Release|Any CPU
		{7F17751D-044C-416C-BEE1-C8473BDC3FD7}.Release|x64.ActiveCfg = Release|Any CPU
		{7F17751D-044C-416C-BEE1-C8473BDC3FD7}.Release|x64.Build.0 = Release|Any CPU
		{7F17751D-044C-416C-BEE1-C8473BDC3FD7}.Release|x86.ActiveCfg = Release|Any CPU
		{7F17751D-044C-416C-BEE1-C8473BDC3FD7}.Release|x86.Build.0 = Release|Any CPU
	EndGlobalSection
EndGlobal
